
Microsoft Visual Studio Solution File, Format Version 12.00
# Visual Studio Version 17
VisualStudioVersion = 17.0.31903.59
MinimumVisualStudioVersion = 10.0.40219.1
Project("{9A19103F-16F7-4668-BE54-9A1E7A4F7556}") = "GrupoAEducacaoChallenge.Infra.Data", "GrupoAEducacaoChallenge.Infra.Data\GrupoAEducacaoChallenge.Infra.Data.csproj", "{A6EDC445-3D3D-4BE4-BF50-A24FB6794AD8}"
EndProject
Project("{9A19103F-16F7-4668-BE54-9A1E7A4F7556}") = "GrupoAEducacaoChallenge.Infra.IoC", "GrupoAEducacaoChallenge.Infra.IoC\GrupoAEducacaoChallenge.Infra.IoC.csproj", "{60F1AB81-2A1C-4C78-9A10-62C59932C0D5}"
EndProject
Project("{9A19103F-16F7-4668-BE54-9A1E7A4F7556}") = "GrupoAEducacaoChallenge.Domain", "GrupoAEducacaoChallenge.Domain\GrupoAEducacaoChallenge.Domain.csproj", "{85817F3B-52D8-4769-B796-184BCF294BF1}"
EndProject
Project("{9A19103F-16F7-4668-BE54-9A1E7A4F7556}") = "GrupoAEducacaoChallenge.Application", "GrupoAEducacaoChallenge.Application\GrupoAEducacaoChallenge.Application.csproj", "{85786978-AFC4-4197-BEEE-13A3136DC733}"
EndProject
Project("{9092AA53-FB77-4645-B42D-1CCCA6BD08BD}") = "GrupoAEducacaoChallenge.WebUI", "GrupoAEducacaoChallenge.WebUI\GrupoAEducacaoChallenge.WebUI.njsproj", "{BE6562E1-1324-4036-B44A-C5C1DD092FB1}"
EndProject
Project("{9A19103F-16F7-4668-BE54-9A1E7A4F7556}") = "GrupoAEducacaoChallenge.Domain.Tests", "GrupoAEducacaoChallenge.Domain.Tests\GrupoAEducacaoChallenge.Domain.Tests.csproj", "{34251527-2EE5-4C54-83BE-87AC860C5024}"
EndProject
Project("{FAE04EC0-301F-11D3-BF4B-00C04F79EFBC}") = "GrupoAEducacaoChallenge.WebAPI", "GrupoAEducacaoChallenge.WebAPI\GrupoAEducacaoChallenge.WebAPI.csproj", "{0CC048B6-9F5A-4FC6-AA21-AFF38B1186C0}"
EndProject
Global
	GlobalSection(SolutionConfigurationPlatforms) = preSolution
		Debug|Any CPU = Debug|Any CPU
		Release|Any CPU = Release|Any CPU
	EndGlobalSection
	GlobalSection(ProjectConfigurationPlatforms) = postSolution
		{A6EDC445-3D3D-4BE4-BF50-A24FB6794AD8}.Debug|Any CPU.ActiveCfg = Debug|Any CPU
		{A6EDC445-3D3D-4BE4-BF50-A24FB6794AD8}.Debug|Any CPU.Build.0 = Debug|Any CPU
		{A6EDC445-3D3D-4BE4-BF50-A24FB6794AD8}.Release|Any CPU.ActiveCfg = Release|Any CPU
		{A6EDC445-3D3D-4BE4-BF50-A24FB6794AD8}.Release|Any CPU.Build.0 = Release|Any CPU
		{60F1AB81-2A1C-4C78-9A10-62C59932C0D5}.Debug|Any CPU.ActiveCfg = Debug|Any CPU
		{60F1AB81-2A1C-4C78-9A10-62C59932C0D5}.Debug|Any CPU.Build.0 = Debug|Any CPU
		{60F1AB81-2A1C-4C78-9A10-62C59932C0D5}.Release|Any CPU.ActiveCfg = Release|Any CPU
		{60F1AB81-2A1C-4C78-9A10-62C59932C0D5}.Release|Any CPU.Build.0 = Release|Any CPU
		{85817F3B-52D8-4769-B796-184BCF294BF1}.Debug|Any CPU.ActiveCfg = Debug|Any CPU
		{85817F3B-52D8-4769-B796-184BCF294BF1}.Debug|Any CPU.Build.0 = Debug|Any CPU
		{85817F3B-52D8-4769-B796-184BCF294BF1}.Release|Any CPU.ActiveCfg = Release|Any CPU
		{85817F3B-52D8-4769-B796-184BCF294BF1}.Release|Any CPU.Build.0 = Release|Any CPU
		{85786978-AFC4-4197-BEEE-13A3136DC733}.Debug|Any CPU.ActiveCfg = Debug|Any CPU
		{85786978-AFC4-4197-BEEE-13A3136DC733}.Debug|Any CPU.Build.0 = Debug|Any CPU
		{85786978-AFC4-4197-BEEE-13A3136DC733}.Release|Any CPU.ActiveCfg = Release|Any CPU
		{85786978-AFC4-4197-BEEE-13A3136DC733}.Release|Any CPU.Build.0 = Release|Any CPU
		{BE6562E1-1324-4036-B44A-C5C1DD092FB1}.Debug|Any CPU.ActiveCfg = Debug|Any CPU
		{BE6562E1-1324-4036-B44A-C5C1DD092FB1}.Debug|Any CPU.Build.0 = Debug|Any CPU
		{BE6562E1-1324-4036-B44A-C5C1DD092FB1}.Release|Any CPU.ActiveCfg = Release|Any CPU
		{BE6562E1-1324-4036-B44A-C5C1DD092FB1}.Release|Any CPU.Build.0 = Release|Any CPU
		{34251527-2EE5-4C54-83BE-87AC860C5024}.Debug|Any CPU.ActiveCfg = Debug|Any CPU
		{34251527-2EE5-4C54-83BE-87AC860C5024}.Debug|Any CPU.Build.0 = Debug|Any CPU
		{34251527-2EE5-4C54-83BE-87AC860C5024}.Release|Any CPU.ActiveCfg = Release|Any CPU
		{34251527-2EE5-4C54-83BE-87AC860C5024}.Release|Any CPU.Build.0 = Release|Any CPU
		{0CC048B6-9F5A-4FC6-AA21-AFF38B1186C0}.Debug|Any CPU.ActiveCfg = Debug|Any CPU
		{0CC048B6-9F5A-4FC6-AA21-AFF38B1186C0}.Debug|Any CPU.Build.0 = Debug|Any CPU
		{0CC048B6-9F5A-4FC6-AA21-AFF38B1186C0}.Release|Any CPU.ActiveCfg = Release|Any CPU
		{0CC048B6-9F5A-4FC6-AA21-AFF38B1186C0}.Release|Any CPU.Build.0 = Release|Any CPU
	EndGlobalSection
	GlobalSection(SolutionProperties) = preSolution
		HideSolutionNode = FALSE
	EndGlobalSection
	GlobalSection(ExtensibilityGlobals) = postSolution
		SolutionGuid = {CE39B213-C1D8-4FBF-99A8-9C2B633EF7CF}
	EndGlobalSection
EndGlobal
